
Microsoft Visual Studio Solution File, Format Version 12.00
Project("{FAE04EC0-301F-11D3-BF4B-00C04F79EFBC}") = "PourDecisions.Core", "src\PourDecisions.Core\PourDecisions.Core.csproj", "{4F8B81D0-0F02-4671-9491-8CEB3C4B760A}"
EndProject
Project("{FAE04EC0-301F-11D3-BF4B-00C04F79EFBC}") = "PourDecisions.Application", "src\PourDecisions.Application\PourDecisions.Application.csproj", "{4A654E5C-07B7-4CC6-8D7C-567489A1F0F8}"
EndProject
Project("{FAE04EC0-301F-11D3-BF4B-00C04F79EFBC}") = "PourDecisions.Desktop", "src\PourDecisions.Desktop\PourDecisions.Desktop.csproj", "{2762D2F7-1F7D-41A4-BDD5-7DDEF3F05221}"
EndProject
Project("{FAE04EC0-301F-11D3-BF4B-00C04F79EFBC}") = "PourDecisions.UnitTests", "test\PourDecisions.UnitTests\PourDecisions.UnitTests.csproj", "{C2B1BDBC-D5BC-44B7-96F5-000A0E6D819D}"
EndProject
Global
	GlobalSection(SolutionConfigurationPlatforms) = preSolution
		Debug|Any CPU = Debug|Any CPU
		Release|Any CPU = Release|Any CPU
	EndGlobalSection
	GlobalSection(ProjectConfigurationPlatforms) = postSolution
		{4F8B81D0-0F02-4671-9491-8CEB3C4B760A}.Debug|Any CPU.ActiveCfg = Debug|Any CPU
		{4F8B81D0-0F02-4671-9491-8CEB3C4B760A}.Debug|Any CPU.Build.0 = Debug|Any CPU
		{4F8B81D0-0F02-4671-9491-8CEB3C4B760A}.Release|Any CPU.ActiveCfg = Release|Any CPU
		{4F8B81D0-0F02-4671-9491-8CEB3C4B760A}.Release|Any CPU.Build.0 = Release|Any CPU
		{4A654E5C-07B7-4CC6-8D7C-567489A1F0F8}.Debug|Any CPU.ActiveCfg = Debug|Any CPU
		{4A654E5C-07B7-4CC6-8D7C-567489A1F0F8}.Debug|Any CPU.Build.0 = Debug|Any CPU
		{4A654E5C-07B7-4CC6-8D7C-567489A1F0F8}.Release|Any CPU.ActiveCfg = Release|Any CPU
		{4A654E5C-07B7-4CC6-8D7C-567489A1F0F8}.Release|Any CPU.Build.0 = Release|Any CPU
		{2762D2F7-1F7D-41A4-BDD5-7DDEF3F05221}.Debug|Any CPU.ActiveCfg = Debug|Any CPU
		{2762D2F7-1F7D-41A4-BDD5-7DDEF3F05221}.Debug|Any CPU.Build.0 = Debug|Any CPU
		{2762D2F7-1F7D-41A4-BDD5-7DDEF3F05221}.Release|Any CPU.ActiveCfg = Release|Any CPU
		{2762D2F7-1F7D-41A4-BDD5-7DDEF3F05221}.Release|Any CPU.Build.0 = Release|Any CPU
		{C2B1BDBC-D5BC-44B7-96F5-000A0E6D819D}.Debug|Any CPU.ActiveCfg = Debug|Any CPU
		{C2B1BDBC-D5BC-44B7-96F5-000A0E6D819D}.Debug|Any CPU.Build.0 = Debug|Any CPU
		{C2B1BDBC-D5BC-44B7-96F5-000A0E6D819D}.Release|Any CPU.ActiveCfg = Release|Any CPU
		{C2B1BDBC-D5BC-44B7-96F5-000A0E6D819D}.Release|Any CPU.Build.0 = Release|Any CPU
	EndGlobalSection
	GlobalSection(NestedProjects) = preSolution
	EndGlobalSection
EndGlobal
